
Microsoft Visual Studio Solution File, Format Version 12.00
# Visual Studio Version 17
VisualStudioVersion = 17.11.35327.3
MinimumVisualStudioVersion = 10.0.40219.1
Project("{FAE04EC0-301F-11D3-BF4B-00C04F79EFBC}") = "ASM1_Database_QLMIXUE", "ASM1_Database_QLMIXUE.csproj", "{57630298-1939-480A-8CF9-5D959206B2BE}"
EndProject
Global
	GlobalSection(SolutionConfigurationPlatforms) = preSolution
		Debug|Any CPU = Debug|Any CPU
		Release|Any CPU = Release|Any CPU
	EndGlobalSection
	GlobalSection(ProjectConfigurationPlatforms) = postSolution
		{57630298-1939-480A-8CF9-5D959206B2BE}.Debug|Any CPU.ActiveCfg = Debug|Any CPU
		{57630298-1939-480A-8CF9-5D959206B2BE}.Debug|Any CPU.Build.0 = Debug|Any CPU
		{57630298-1939-480A-8CF9-5D959206B2BE}.Release|Any CPU.ActiveCfg = Release|Any CPU
		{57630298-1939-480A-8CF9-5D959206B2BE}.Release|Any CPU.Build.0 = Release|Any CPU
	EndGlobalSection
	GlobalSection(SolutionProperties) = preSolution
		HideSolutionNode = FALSE
	EndGlobalSection
	GlobalSection(ExtensibilityGlobals) = postSolution
		SolutionGuid = {40B00EBB-0BFE-44D4-95B1-847936245B5D}
	EndGlobalSection
EndGlobal
